
Microsoft Visual Studio Solution File, Format Version 12.00
# Visual Studio Version 17
VisualStudioVersion = 17.6.33717.318
MinimumVisualStudioVersion = 10.0.40219.1
Project("{FAE04EC0-301F-11D3-BF4B-00C04F79EFBC}") = "Eczane2", "Eczane2\Eczane2.csproj", "{6EE72E9A-6E29-4231-9D63-D9EE567CD62D}"
EndProject
Global
	GlobalSection(SolutionConfigurationPlatforms) = preSolution
		Debug|Any CPU = Debug|Any CPU
		Release|Any CPU = Release|Any CPU
	EndGlobalSection
	GlobalSection(ProjectConfigurationPlatforms) = postSolution
		{6EE72E9A-6E29-4231-9D63-D9EE567CD62D}.Debug|Any CPU.ActiveCfg = Debug|Any CPU
		{6EE72E9A-6E29-4231-9D63-D9EE567CD62D}.Debug|Any CPU.Build.0 = Debug|Any CPU
		{6EE72E9A-6E29-4231-9D63-D9EE567CD62D}.Release|Any CPU.ActiveCfg = Release|Any CPU
		{6EE72E9A-6E29-4231-9D63-D9EE567CD62D}.Release|Any CPU.Build.0 = Release|Any CPU
	EndGlobalSection
	GlobalSection(SolutionProperties) = preSolution
		HideSolutionNode = FALSE
	EndGlobalSection
	GlobalSection(ExtensibilityGlobals) = postSolution
		SolutionGuid = {D68FC6E6-9EFA-4E6D-B63E-0942E6AE925B}
	EndGlobalSection
EndGlobal
